
Microsoft Visual Studio Solution File, Format Version 12.00
# Visual Studio Version 17
VisualStudioVersion = 17.9.34728.123
MinimumVisualStudioVersion = 10.0.40219.1
Project("{9A19103F-16F7-4668-BE54-9A1E7A4F7556}") = "Web.Api", "Web.Api\Web.Api.csproj", "{231DC594-4B57-41F5-87E2-40B0BD26C064}"
EndProject
Project("{2150E333-8FDC-42A3-9474-1A3956D46DE8}") = "src", "src", "{55C58709-424C-4AAC-9EA3-57684A748D07}"
EndProject
Project("{2150E333-8FDC-42A3-9474-1A3956D46DE8}") = "tests", "tests", "{2DB92D3A-8CD0-49F0-8A19-0DAE585A48C1}"
EndProject
Project("{9A19103F-16F7-4668-BE54-9A1E7A4F7556}") = "UnitTests", "UnitTests\UnitTests.csproj", "{A612D610-B1AD-455A-9E2B-363389EFB854}"
EndProject
Project("{2150E333-8FDC-42A3-9474-1A3956D46DE8}") = "Solution Items", "Solution Items", "{2BDF9A22-94C6-4E40-B5CE-02B38D60FFB7}"
	ProjectSection(SolutionItems) = preProject
		.editorconfig = .editorconfig
		Directory.Build.props = Directory.Build.props
	EndProjectSection
EndProject
Global
	GlobalSection(SolutionConfigurationPlatforms) = preSolution
		Debug|Any CPU = Debug|Any CPU
		Release|Any CPU = Release|Any CPU
	EndGlobalSection
	GlobalSection(ProjectConfigurationPlatforms) = postSolution
		{231DC594-4B57-41F5-87E2-40B0BD26C064}.Debug|Any CPU.ActiveCfg = Debug|Any CPU
		{231DC594-4B57-41F5-87E2-40B0BD26C064}.Debug|Any CPU.Build.0 = Debug|Any CPU
		{231DC594-4B57-41F5-87E2-40B0BD26C064}.Release|Any CPU.ActiveCfg = Release|Any CPU
		{231DC594-4B57-41F5-87E2-40B0BD26C064}.Release|Any CPU.Build.0 = Release|Any CPU
		{A612D610-B1AD-455A-9E2B-363389EFB854}.Debug|Any CPU.ActiveCfg = Debug|Any CPU
		{A612D610-B1AD-455A-9E2B-363389EFB854}.Debug|Any CPU.Build.0 = Debug|Any CPU
		{A612D610-B1AD-455A-9E2B-363389EFB854}.Release|Any CPU.ActiveCfg = Release|Any CPU
		{A612D610-B1AD-455A-9E2B-363389EFB854}.Release|Any CPU.Build.0 = Release|Any CPU
	EndGlobalSection
	GlobalSection(SolutionProperties) = preSolution
		HideSolutionNode = FALSE
	EndGlobalSection
	GlobalSection(NestedProjects) = preSolution
		{231DC594-4B57-41F5-87E2-40B0BD26C064} = {55C58709-424C-4AAC-9EA3-57684A748D07}
		{A612D610-B1AD-455A-9E2B-363389EFB854} = {2DB92D3A-8CD0-49F0-8A19-0DAE585A48C1}
	EndGlobalSection
	GlobalSection(ExtensibilityGlobals) = postSolution
		SolutionGuid = {F7530FE7-0DEA-4FC0-AA9D-55F4D1664C36}
	EndGlobalSection
EndGlobal
